
Microsoft Visual Studio Solution File, Format Version 11.00
# Visual Studio 2010
Project("{FAE04EC0-301F-11D3-BF4B-00C04F79EFBC}") = "vrchat", "Assembly-CSharp.csproj", "{D1E49D29-927C-EEDF-B026-44E548C54D20}"
EndProject
Project("{FAE04EC0-301F-11D3-BF4B-00C04F79EFBC}") = "vrchat", "Assembly-CSharp-firstpass.csproj", "{239F612D-3629-888B-4D3A-869F17F48199}"
EndProject
Project("{FAE04EC0-301F-11D3-BF4B-00C04F79EFBC}") = "vrchat", "Assembly-CSharp-Editor.csproj", "{F42C849A-393A-E37C-DC3A-AEBF2F4E0E7E}"
EndProject
Global
	GlobalSection(SolutionConfigurationPlatforms) = preSolution
		Debug|Any CPU = Debug|Any CPU
		Release|Any CPU = Release|Any CPU
	EndGlobalSection
	GlobalSection(ProjectConfigurationPlatforms) = postSolution
		{D1E49D29-927C-EEDF-B026-44E548C54D20}.Debug|Any CPU.ActiveCfg = Debug|Any CPU
		{D1E49D29-927C-EEDF-B026-44E548C54D20}.Debug|Any CPU.Build.0 = Debug|Any CPU
		{D1E49D29-927C-EEDF-B026-44E548C54D20}.Release|Any CPU.ActiveCfg = Release|Any CPU
		{D1E49D29-927C-EEDF-B026-44E548C54D20}.Release|Any CPU.Build.0 = Release|Any CPU
		{239F612D-3629-888B-4D3A-869F17F48199}.Debug|Any CPU.ActiveCfg = Debug|Any CPU
		{239F612D-3629-888B-4D3A-869F17F48199}.Debug|Any CPU.Build.0 = Debug|Any CPU
		{239F612D-3629-888B-4D3A-869F17F48199}.Release|Any CPU.ActiveCfg = Release|Any CPU
		{239F612D-3629-888B-4D3A-869F17F48199}.Release|Any CPU.Build.0 = Release|Any CPU
		{F42C849A-393A-E37C-DC3A-AEBF2F4E0E7E}.Debug|Any CPU.ActiveCfg = Debug|Any CPU
		{F42C849A-393A-E37C-DC3A-AEBF2F4E0E7E}.Debug|Any CPU.Build.0 = Debug|Any CPU
		{F42C849A-393A-E37C-DC3A-AEBF2F4E0E7E}.Release|Any CPU.ActiveCfg = Release|Any CPU
		{F42C849A-393A-E37C-DC3A-AEBF2F4E0E7E}.Release|Any CPU.Build.0 = Release|Any CPU
	EndGlobalSection
	GlobalSection(SolutionProperties) = preSolution
		HideSolutionNode = FALSE
	EndGlobalSection
	GlobalSection(MonoDevelopProperties) = preSolution
		StartupItem = Assembly-CSharp.csproj
	EndGlobalSection
EndGlobal
